{
  "name": "backend",
  "lockfileVersion": 3,
  "requires": true,
  "packages": {
    "": {
      "dependencies": {
        "flexsearch": "^0.8.151"
      }
    },
    "node_modules/flexsearch": {
      "version": "0.8.151",
      "resolved": "https://registry.npmjs.org/flexsearch/-/flexsearch-0.8.151.tgz",
      "integrity": "sha512-bMI/vDndsaldfmOLKGk5HMYSiXhX1sBiD/ENZKAnsQJaqC/yk51aTy0+Ny2hYcu+Utazy3s8NZA/zbh2o88ctQ==",
      "funding": [
        {
          "type": "github",
          "url": "https://github.com/ts-thomas"
        },
        {
          "type": "opencollective",
          "url": "https://opencollective.com/flexsearch"
        },
        {
          "type": "patreon",
          "url": "https://patreon.com/user?u=96245532"
        },
        {
          "type": "liberapay",
          "url": "https://liberapay.com/ts-thomas"
        },
        {
          "type": "paypal",
          "url": "https://www.paypal.com/donate/?hosted_button_id=GEVR88FC9BWRW"
        },
        {
          "type": "bountysource",
          "url": "https://salt.bountysource.com/teams/ts-thomas"
        }
      ],
      "license": "Apache-2.0"
    }
  }
}
